
Microsoft Visual Studio Solution File, Format Version 12.00
# Visual Studio Version 17
VisualStudioVersion = 17.0.32002.185
MinimumVisualStudioVersion = 10.0.40219.1
Project("{FAE04EC0-301F-11D3-BF4B-00C04F79EFBC}") = "MathQuizz", "MathQuizz\MathQuizz.csproj", "{36A6A5A9-C5D8-4A4E-AC2D-1D25F2184456}"
EndProject
Global
	GlobalSection(SolutionConfigurationPlatforms) = preSolution
		Debug|Any CPU = Debug|Any CPU
		Release|Any CPU = Release|Any CPU
	EndGlobalSection
	GlobalSection(ProjectConfigurationPlatforms) = postSolution
		{36A6A5A9-C5D8-4A4E-AC2D-1D25F2184456}.Debug|Any CPU.ActiveCfg = Debug|Any CPU
		{36A6A5A9-C5D8-4A4E-AC2D-1D25F2184456}.Debug|Any CPU.Build.0 = Debug|Any CPU
		{36A6A5A9-C5D8-4A4E-AC2D-1D25F2184456}.Release|Any CPU.ActiveCfg = Release|Any CPU
		{36A6A5A9-C5D8-4A4E-AC2D-1D25F2184456}.Release|Any CPU.Build.0 = Release|Any CPU
	EndGlobalSection
	GlobalSection(SolutionProperties) = preSolution
		HideSolutionNode = FALSE
	EndGlobalSection
	GlobalSection(ExtensibilityGlobals) = postSolution
		SolutionGuid = {5C3884B2-1FC4-4025-AD93-7D69FEDBA6A7}
	EndGlobalSection
EndGlobal
